lockfileVersion: '9.0'

settings:
  autoInstallPeers: true
  excludeLinksFromLockfile: false

importers:

  .:
    devDependencies:
      '@cobuild/repo-tools':
        specifier: ^0.1.6
        version: 0.1.6
      '@cobuild/review-gpt':
        specifier: ^0.2.13
        version: 0.2.13
      husky:
        specifier: ^8.0.0
        version: 8.0.3
      prettier:
        specifier: ^3.0.3
        version: 3.7.4
      prettier-plugin-solidity:
        specifier: ^1.3.1
        version: 1.4.3(prettier@3.7.4)

packages:

  '@cobuild/repo-tools@0.1.6':
    resolution: {integrity: sha512-gp+zbbsupxYzqTId1sTJuBL1NzirCbo41SdRJeeaYwh1LzdubawikNEy5qWi4SNCplxQZ/OF73fFIn2Bu7Ovew==}
    hasBin: true

  '@cobuild/review-gpt@0.2.13':
    resolution: {integrity: sha512-HVbDG/PaLj6V3ghMG/G+2XWDCenreJAXaygz+c56Raxr/gZM++4lsy1uVBc70lhADgVUV0/PF1bY7R43VKOuSQ==}
    hasBin: true

  '@solidity-parser/parser@0.20.2':
    resolution: {integrity: sha512-rbu0bzwNvMcwAjH86hiEAcOeRI2EeK8zCkHDrFykh/Al8mvJeFmjy3UrE7GYQjNwOgbGUUtCn5/k8CB8zIu7QA==}

  husky@8.0.3:
    resolution: {integrity: sha512-+dQSyqPh4x1hlO1swXBiNb2HzTDN1I2IGLQx1GrBuiqFJfoMrnZWwVmatvSiO+Iz8fBUnf+lekwNo4c2LlXItg==}
    engines: {node: '>=14'}
    hasBin: true

  prettier-plugin-solidity@1.4.3:
    resolution: {integrity: sha512-Mrr/iiR9f9IaeGRMZY2ApumXcn/C5Gs3S7B7hWB3gigBFML06C0yEyW86oLp0eqiA0qg+46FaChgLPJCj/pIlg==}
    engines: {node: '>=18'}
    peerDependencies:
      prettier: '>=2.3.0'

  prettier@3.7.4:
    resolution: {integrity: sha512-v6UNi1+3hSlVvv8fSaoUbggEM5VErKmmpGA7Pl3HF8V6uKY7rvClBOJlH6yNwQtfTueNkGVpOv/mtWL9L4bgRA==}
    engines: {node: '>=14'}
    hasBin: true

  semver@7.7.3:
    resolution: {integrity: sha512-SdsKMrI9TdgjdweUSR9MweHA4EJ8YxHn8DFaDisvhVlUOe4BF1tLD7GAj0lIqWVl+dPb/rExr0Btby5loQm20Q==}
    engines: {node: '>=10'}
    hasBin: true

snapshots:

  '@cobuild/repo-tools@0.1.6': {}

  '@cobuild/review-gpt@0.2.13': {}

  '@solidity-parser/parser@0.20.2': {}

  husky@8.0.3: {}

  prettier-plugin-solidity@1.4.3(prettier@3.7.4):
    dependencies:
      '@solidity-parser/parser': 0.20.2
      prettier: 3.7.4
      semver: 7.7.3

  prettier@3.7.4: {}

  semver@7.7.3: {}
